# THIS IS AN AUTOGENERATED FILE. DO NOT EDIT THIS FILE DIRECTLY.
# yarn lockfile v1


ansidiff@^1.0.0:
  version "1.0.0"
  resolved "https://registry.yarnpkg.com/ansidiff/-/ansidiff-1.0.0.tgz#d4a3ed89ab1670f20c097def759f34d944478aab"
  integrity sha1-1KPtiasWcPIMCX3vdZ802URHiqs=
  dependencies:
    diff "1.0"

diff@1.0:
  version "1.0.8"
  resolved "https://registry.yarnpkg.com/diff/-/diff-1.0.8.tgz#343276308ec991b7bc82267ed55bc1411f971666"
  integrity sha1-NDJ2MI7Jkbe8giZ+1VvBQR+XFmY=
